// !$*UTF8*$!
{
	archiveVersion = 1;
	classes = {
	};
	objectVersion = 50;
	objects = {

/* Begin PBXBuildFile section */
		28AA0ED1244F308900AB3AE7 /* AppDelegate.swift in Sources */ = {isa = PBXBuildFile; fileRef = 28AA0ED0244F308900AB3AE7 /* AppDelegate.swift */; };
		28AA0ED3244F308900AB3AE7 /* SceneDelegate.swift in Sources */ = {isa = PBXBuildFile; fileRef = 28AA0ED2244F308900AB3AE7 /* SceneDelegate.swift */; };
		28AA0ED5244F308900AB3AE7 /* ViewController.swift in Sources */ = {isa = PBXBuildFile; fileRef = 28AA0ED4244F308900AB3AE7 /* ViewController.swift */; };
		28AA0ED8244F308900AB3AE7 /* Main.storyboard in Resources */ = {isa = PBXBuildFile; fileRef = 28AA0ED6244F308900AB3AE7 /* Main.storyboard */; };
		28AA0EDA244F308A00AB3AE7 /* Assets.xcassets in Resources */ = {isa = PBXBuildFile; fileRef = 28AA0ED9244F308A00AB3AE7 /* Assets.xcassets */; };
		28AA0EDD244F308A00AB3AE7 /* LaunchScreen.storyboard in Resources */ = {isa = PBXBuildFile; fileRef = 28AA0EDB244F308A00AB3AE7 /* LaunchScreen.storyboard */; };
		28AA0EE5244F30BB00AB3AE7 /* CustomLoader.swift in Sources */ = {isa = PBXBuildFile; fileRef = 28AA0EE4244F30BB00AB3AE7 /* CustomLoader.swift */; };
		28AA0EE7244F333E00AB3AE7 /* demo.gif in Resources */ = {isa = PBXBuildFile; fileRef = 28AA0EE6244F333E00AB3AE7 /* demo.gif */; };
		28AA0EE9244F335700AB3AE7 /* UIImageExtension.swift in Sources */ = {isa = PBXBuildFile; fileRef = 28AA0EE8244F335700AB3AE7 /* UIImageExtension.swift */; };
/* End PBXBuildFile section */

/* Begin PBXFileReference section */
		28AA0ECD244F308900AB3AE7 /* SwiftCustomLoadingIndicator.app */ = {isa = PBXFileReference; explicitFileType = wrapper.application; includeInIndex = 0; path = SwiftCustomLoadingIndicator.app; sourceTree = BUILT_PRODUCTS_DIR; };
		28AA0ED0244F308900AB3AE7 /* AppDelegate.swift */ = {isa = PBXFileReference; lastKnownFileType = sourcecode.swift; path = AppDelegate.swift; sourceTree = "<group>"; };
		28AA0ED2244F308900AB3AE7 /* SceneDelegate.swift */ = {isa = PBXFileReference; lastKnownFileType = sourcecode.swift; path = SceneDelegate.swift; sourceTree = "<group>"; };
		28AA0ED4244F308900AB3AE7 /* ViewController.swift */ = {isa = PBXFileReference; lastKnownFileType = sourcecode.swift; path = ViewController.swift; sourceTree = "<group>"; };
		28AA0ED7244F308900AB3AE7 /* Base */ = {isa = PBXFileReference; lastKnownFileType = file.storyboard; name = Base; path = Base.lproj/Main.storyboard; sourceTree = "<group>"; };
		28AA0ED9244F308A00AB3AE7 /* Assets.xcassets */ = {isa = PBXFileReference; lastKnownFileType = folder.assetcatalog; path = Assets.xcassets; sourceTree = "<group>"; };
		28AA0EDC244F308A00AB3AE7 /* Base */ = {isa = PBXFileReference; lastKnownFileType = file.storyboard; name = Base; path = Base.lproj/LaunchScreen.storyboard; sourceTree = "<group>"; };
		28AA0EDE244F308A00AB3AE7 /* Info.plist */ = {isa = PBXFileReference; lastKnownFileType = text.plist.xml; path = Info.plist; sourceTree = "<group>"; };
		28AA0EE4244F30BB00AB3AE7 /* CustomLoader.swift */ = {isa = PBXFileReference; lastKnownFileType = sourcecode.swift; path = CustomLoader.swift; sourceTree = "<group>"; };
		28AA0EE6244F333E00AB3AE7 /* demo.gif */ = {isa = PBXFileReference; lastKnownFileType = image.gif; path = demo.gif; sourceTree = "<group>"; };
		28AA0EE8244F335700AB3AE7 /* UIImageExtension.swift */ = {isa = PBXFileReference; lastKnownFileType = sourcecode.swift; path = UIImageExtension.swift; sourceTree = "<group>"; };
/* End PBXFileReference section */

/* Begin PBXFrameworksBuildPhase section */
		28AA0ECA244F308900AB3AE7 /* Frameworks */ = {
			isa = PBXFrameworksBuildPhase;
			buildActionMask = 2147483647;
			files = (
			);
			runOnlyForDeploymentPostprocessing = 0;
		};
/* End PBXFrameworksBuildPhase section */

/* Begin PBXGroup section */
		28AA0EC4244F308900AB3AE7 = {
			isa = PBXGroup;
			children = (
				28AA0ECF244F308900AB3AE7 /* SwiftCustomLoadingIndicator */,
				28AA0ECE244F308900AB3AE7 /* Products */,
			);
			sourceTree = "<group>";
		};
		28AA0ECE244F308900AB3AE7 /* Products */ = {
			isa = PBXGroup;
			children = (
				28AA0ECD244F308900AB3AE7 /* SwiftCustomLoadingIndicator.app */,
			);
			name = Products;
			sourceTree = "<group>";
		};
		28AA0ECF244F308900AB3AE7 /* SwiftCustomLoadingIndicator */ = {
			isa = PBXGroup;
			children = (
				28AA0EE6244F333E00AB3AE7 /* demo.gif */,
				28AA0ED0244F308900AB3AE7 /* AppDelegate.swift */,
				28AA0ED2244F308900AB3AE7 /* SceneDelegate.swift */,
				28AA0ED4244F308900AB3AE7 /* ViewController.swift */,
				28AA0EE4244F30BB00AB3AE7 /* CustomLoader.swift */,
				28AA0ED6244F308900AB3AE7 /* Main.storyboard */,
				28AA0ED9244F308A00AB3AE7 /* Assets.xcassets */,
				28AA0EDB244F308A00AB3AE7 /* LaunchScreen.storyboard */,
				28AA0EDE244F308A00AB3AE7 /* Info.plist */,
				28AA0EE8244F335700AB3AE7 /* UIImageExtension.swift */,
			);
			path = SwiftCustomLoadingIndicator;
			sourceTree = "<group>";
		};
/* End PBXGroup section */

/* Begin PBXNativeTarget section */
		28AA0ECC244F308900AB3AE7 /* SwiftCustomLoadingIndicator */ = {
			isa = PBXNativeTarget;
			buildConfigurationList = 28AA0EE1244F308A00AB3AE7 /* Build configuration list for PBXNativeTarget "SwiftCustomLoadingIndicator" */;
			buildPhases = (
				28AA0EC9244F308900AB3AE7 /* Sources */,
				28AA0ECA244F308900AB3AE7 /* Frameworks */,
				28AA0ECB244F308900AB3AE7 /* Resources */,
			);
			buildRules = (
			);
			dependencies = (
			);
			name = SwiftCustomLoadingIndicator;
			productName = SwiftCustomLoadingIndicator;
			productReference = 28AA0ECD244F308900AB3AE7 /* SwiftCustomLoadingIndicator.app */;
			productType = "com.apple.product-type.application";
		};
/* End PBXNativeTarget section */

/* Begin PBXProject section */
		28AA0EC5244F308900AB3AE7 /* Project object */ = {
			isa = PBXProject;
			attributes = {
				LastSwiftUpdateCheck = 1140;
				LastUpgradeCheck = 1140;
				ORGANIZATIONNAME = "shin seunghyun";
				TargetAttributes = {
					28AA0ECC244F308900AB3AE7 = {
						CreatedOnToolsVersion = 11.4.1;
					};
				};
			};
			buildConfigurationList = 28AA0EC8244F308900AB3AE7 /* Build configuration list for PBXProject "SwiftCustomLoadingIndicator" */;
			compatibilityVersion = "Xcode 9.3";
			developmentRegion = en;
			hasScannedForEncodings = 0;
			knownRegions = (
				en,
				Base,
			);
			mainGroup = 28AA0EC4244F308900AB3AE7;
			productRefGroup = 28AA0ECE244F308900AB3AE7 /* Products */;
			projectDirPath = "";
			projectRoot = "";
			targets = (
				28AA0ECC244F308900AB3AE7 /* SwiftCustomLoadingIndicator */,
			);
		};
/* End PBXProject section */

/* Begin PBXResourcesBuildPhase section */
		28AA0ECB244F308900AB3AE7 /* Resources */ = {
			isa = PBXResourcesBuildPhase;
			buildActionMask = 2147483647;
			files = (
				28AA0EDD244F308A00AB3AE7 /* LaunchScreen.storyboard in Resources */,
				28AA0EE7244F333E00AB3AE7 /* demo.gif in Resources */,
				28AA0EDA244F308A00AB3AE7 /* Assets.xcassets in Resources */,
				28AA0ED8244F308900AB3AE7 /* Main.storyboard in Resources */,
			);
			runOnlyForDeploymentPostprocessing = 0;
		};
/* End PBXResourcesBuildPhase section */

/* Begin PBXSourcesBuildPhase section */
		28AA0EC9244F308900AB3AE7 /* Sources */ = {
			isa = PBXSourcesBuildPhase;
			buildActionMask = 2147483647;
			files = (
				28AA0ED5244F308900AB3AE7 /* ViewController.swift in Sources */,
				28AA0ED1244F308900AB3AE7 /* AppDelegate.swift in Sources */,
				28AA0ED3244F308900AB3AE7 /* SceneDelegate.swift in Sources */,
				28AA0EE9244F335700AB3AE7 /* UIImageExtension.swift in Sources */,
				28AA0EE5244F30BB00AB3AE7 /* CustomLoader.swift in Sources */,
			);
			runOnlyForDeploymentPostprocessing = 0;
		};
/* End PBXSourcesBuildPhase section */

/* Begin PBXVariantGroup section */
		28AA0ED6244F308900AB3AE7 /* Main.storyboard */ = {
			isa = PBXVariantGroup;
			children = (
				28AA0ED7244F308900AB3AE7 /* Base */,
			);
			name = Main.storyboard;
			sourceTree = "<group>";
		};
		28AA0EDB244F308A00AB3AE7 /* LaunchScreen.storyboard */ = {
			isa = PBXVariantGroup;
			children = (
				28AA0EDC244F308A00AB3AE7 /* Base */,
			);
			name = LaunchScreen.storyboard;
			sourceTree = "<group>";
		};
/* End PBXVariantGroup section */

/* Begin XCBuildConfiguration section */
		28AA0EDF244F308A00AB3AE7 /* Debug */ = {
			isa = XCBuildConfiguration;
			buildSettings = {
				ALWAYS_SEARCH_USER_PATHS = NO;
				CLANG_ANALYZER_NONNULL = YES;
				CLANG_ANALYZER_NUMBER_OBJECT_CONVERSION = YES_AGGRESSIVE;
				CLANG_CXX_LANGUAGE_STANDARD = "gnu++14";
				CLANG_CXX_LIBRARY = "libc++";
				CLANG_ENABLE_MODULES = YES;
				CLANG_ENABLE_OBJC_ARC = YES;
				CLANG_ENABLE_OBJC_WEAK = YES;
				CLANG_WARN_BLOCK_CAPTURE_AUTORELEASING = YES;
				CLANG_WARN_BOOL_CONVERSION = YES;
				CLANG_WARN_COMMA = YES;
				CLANG_WARN_CONSTANT_CONVERSION = YES;
				CLANG_WARN_DEPRECATED_OBJC_IMPLEMENTATIONS = YES;
				CLANG_WARN_DIRECT_OBJC_ISA_USAGE = YES_ERROR;
				CLANG_WARN_DOCUMENTATION_COMMENTS = YES;
				CLANG_WARN_EMPTY_BODY = YES;
				CLANG_WARN_ENUM_CONVERSION = YES;
				CLANG_WARN_INFINITE_RECURSION = YES;
				CLANG_WARN_INT_CONVERSION = YES;
				CLANG_WARN_NON_LITERAL_NULL_CONVERSION = YES;
				CLANG_WARN_OBJC_IMPLICIT_RETAIN_SELF = YES;
				CLANG_WARN_OBJC_LITERAL_CONVERSION = YES;
				CLANG_WARN_OBJC_ROOT_CLASS = YES_ERROR;
				CLANG_WARN_RANGE_LOOP_ANALYSIS = YES;
				CLANG_WARN_STRICT_PROTOTYPES = YES;
				CLANG_WARN_SUSPICIOUS_MOVE = YES;
				CLANG_WARN_UNGUARDED_AVAILABILITY = YES_AGGRESSIVE;
				CLANG_WARN_UNREACHABLE_CODE = YES;
				CLANG_WARN__DUPLICATE_METHOD_MATCH = YES;
				COPY_PHASE_STRIP = NO;
				DEBUG_INFORMATION_FORMAT = dwarf;
				ENABLE_STRICT_OBJC_MSGSEND = YES;
				ENABLE_TESTABILITY = YES;
				GCC_C_LANGUAGE_STANDARD = gnu11;
				GCC_DYNAMIC_NO_PIC = NO;
				GCC_NO_COMMON_BLOCKS = YES;
				GCC_OPTIMIZATION_LEVEL = 0;
				GCC_PREPROCESSOR_DEFINITIONS = (
					"DEBUG=1",
					"$(inherited)",
				);
				GCC_WARN_64_TO_32_BIT_CONVERSION = YES;
				GCC_WARN_ABOUT_RETURN_TYPE = YES_ERROR;
				GCC_WARN_UNDECLARED_SELECTOR = YES;
				GCC_WARN_UNINITIALIZED_AUTOS = YES_AGGRESSIVE;
				GCC_WARN_UNUSED_FUNCTION = YES;
				GCC_WARN_UNUSED_VARIABLE = YES;
				IPHONEOS_DEPLOYMENT_TARGET = 13.4;
				MTL_ENABLE_DEBUG_INFO = INCLUDE_SOURCE;
				MTL_FAST_MATH = YES;
				ONLY_ACTIVE_ARCH = YES;
				SDKROOT = iphoneos;
				SWIFT_ACTIVE_COMPILATION_CONDITIONS = DEBUG;
				SWIFT_OPTIMIZATION_LEVEL = "-Onone";
			};
			name = Debug;
		};
		28AA0EE0244F308A00AB3AE7 /* Release */ = {
			isa = XCBuildConfiguration;
			buildSettings = {
				ALWAYS_SEARCH_USER_PATHS = NO;
				CLANG_ANALYZER_NONNULL = YES;
				CLANG_ANALYZER_NUMBER_OBJECT_CONVERSION = YES_AGGRESSIVE;
				CLANG_CXX_LANGUAGE_STANDARD = "gnu++14";
				CLANG_CXX_LIBRARY = "libc++";
				CLANG_ENABLE_MODULES = YES;
				CLANG_ENABLE_OBJC_ARC = YES;
				CLANG_ENABLE_OBJC_WEAK = YES;
				CLANG_WARN_BLOCK_CAPTURE_AUTORELEASING = YES;
				CLANG_WARN_BOOL_CONVERSION = YES;
				CLANG_WARN_COMMA = YES;
				CLANG_WARN_CONSTANT_CONVERSION = YES;
				CLANG_WARN_DEPRECATED_OBJC_IMPLEMENTATIONS = YES;
				CLANG_WARN_DIRECT_OBJC_ISA_USAGE = YES_ERROR;
				CLANG_WARN_DOCUMENTATION_COMMENTS = YES;
				CLANG_WARN_EMPTY_BODY = YES;
				CLANG_WARN_ENUM_CONVERSION = YES;
				CLANG_WARN_INFINITE_RECURSION = YES;
				CLANG_WARN_INT_CONVERSION = YES;
				CLANG_WARN_NON_LITERAL_NULL_CONVERSION = YES;
				CLANG_WARN_OBJC_IMPLICIT_RETAIN_SELF = YES;
				CLANG_WARN_OBJC_LITERAL_CONVERSION = YES;
				CLANG_WARN_OBJC_ROOT_CLASS = YES_ERROR;
				CLANG_WARN_RANGE_LOOP_ANALYSIS = YES;
				CLANG_WARN_STRICT_PROTOTYPES = YES;
				CLANG_WARN_SUSPICIOUS_MOVE = YES;
				CLANG_WARN_UNGUARDED_AVAILABILITY = YES_AGGRESSIVE;
				CLANG_WARN_UNREACHABLE_CODE = YES;
				CLANG_WARN__DUPLICATE_METHOD_MATCH = YES;
				COPY_PHASE_STRIP = NO;
				DEBUG_INFORMATION_FORMAT = "dwarf-with-dsym";
				ENABLE_NS_ASSERTIONS = NO;
				ENABLE_STRICT_OBJC_MSGSEND = YES;
				GCC_C_LANGUAGE_STANDARD = gnu11;
				GCC_NO_COMMON_BLOCKS = YES;
				GCC_WARN_64_TO_32_BIT_CONVERSION = YES;
				GCC_WARN_ABOUT_RETURN_TYPE = YES_ERROR;
				GCC_WARN_UNDECLARED_SELECTOR = YES;
				GCC_WARN_UNINITIALIZED_AUTOS = YES_AGGRESSIVE;
				GCC_WARN_UNUSED_FUNCTION = YES;
				GCC_WARN_UNUSED_VARIABLE = YES;
				IPHONEOS_DEPLOYMENT_TARGET = 13.4;
				MTL_ENABLE_DEBUG_INFO = NO;
				MTL_FAST_MATH = YES;
				SDKROOT = iphoneos;
				SWIFT_COMPILATION_MODE = wholemodule;
				SWIFT_OPTIMIZATION_LEVEL = "-O";
				VALIDATE_PRODUCT = YES;
			};
			name = Release;
		};
		28AA0EE2244F308A00AB3AE7 /* Debug */ = {
			isa = XCBuildConfiguration;
			buildSettings = {
				ASSETCATALOG_COMPILER_APPICON_NAME = AppIcon;
				CODE_SIGN_STYLE = Automatic;
				INFOPLIST_FILE = SwiftCustomLoadingIndicator/Info.plist;
				LD_RUNPATH_SEARCH_PATHS = (
					"$(inherited)",
					"@executable_path/Frameworks",
				);
				PRODUCT_BUNDLE_IDENTIFIER = any.SwiftCustomLoadingIndicator;
				PRODUCT_NAME = "$(TARGET_NAME)";
				SWIFT_VERSION = 5.0;
				TARGETED_DEVICE_FAMILY = "1,2";
			};
			name = Debug;
		};
		28AA0EE3244F308A00AB3AE7 /* Release */ = {
			isa = XCBuildConfiguration;
			buildSettings = {
				ASSETCATALOG_COMPILER_APPICON_NAME = AppIcon;
				CODE_SIGN_STYLE = Automatic;
				INFOPLIST_FILE = SwiftCustomLoadingIndicator/Info.plist;
				LD_RUNPATH_SEARCH_PATHS = (
					"$(inherited)",
					"@executable_path/Frameworks",
				);
				PRODUCT_BUNDLE_IDENTIFIER = any.SwiftCustomLoadingIndicator;
				PRODUCT_NAME = "$(TARGET_NAME)";
				SWIFT_VERSION = 5.0;
				TARGETED_DEVICE_FAMILY = "1,2";
			};
			name = Release;
		};
/* End XCBuildConfiguration section */

/* Begin XCConfigurationList section */
		28AA0EC8244F308900AB3AE7 /* Build configuration list for PBXProject "SwiftCustomLoadingIndicator" */ = {
			isa = XCConfigurationList;
			buildConfigurations = (
				28AA0EDF244F308A00AB3AE7 /* Debug */,
				28AA0EE0244F308A00AB3AE7 /* Release */,
			);
			defaultConfigurationIsVisible = 0;
			defaultConfigurationName = Release;
		};
		28AA0EE1244F308A00AB3AE7 /* Build configuration list for PBXNativeTarget "SwiftCustomLoadingIndicator" */ = {
			isa = XCConfigurationList;
			buildConfigurations = (
				28AA0EE2244F308A00AB3AE7 /* Debug */,
				28AA0EE3244F308A00AB3AE7 /* Release */,
			);
			defaultConfigurationIsVisible = 0;
			defaultConfigurationName = Release;
		};
/* End XCConfigurationList section */
	};
	rootObject = 28AA0EC5244F308900AB3AE7 /* Project object */;
}
